
Microsoft Visual Studio Solution File, Format Version 12.00
# Visual Studio Version 16
VisualStudioVersion = 16.0.30204.135
MinimumVisualStudioVersion = 10.0.40219.1
Project("{9A19103F-16F7-4668-BE54-9A1E7A4F7556}") = "RefrigeratedTruck2", "RefrigeratedTruck2.csproj", "{98BEEFA8-8ABE-4659-9CFF-F677C94F1322}"
EndProject
Global
	GlobalSection(SolutionConfigurationPlatforms) = preSolution
		Debug|Any CPU = Debug|Any CPU
		Release|Any CPU = Release|Any CPU
	EndGlobalSection
	GlobalSection(ProjectConfigurationPlatforms) = postSolution
		{98BEEFA8-8ABE-4659-9CFF-F677C94F1322}.Debug|Any CPU.ActiveCfg = Debug|Any CPU
		{98BEEFA8-8ABE-4659-9CFF-F677C94F1322}.Debug|Any CPU.Build.0 = Debug|Any CPU
		{98BEEFA8-8ABE-4659-9CFF-F677C94F1322}.Release|Any CPU.ActiveCfg = Release|Any CPU
		{98BEEFA8-8ABE-4659-9CFF-F677C94F1322}.Release|Any CPU.Build.0 = Release|Any CPU
	EndGlobalSection
	GlobalSection(SolutionProperties) = preSolution
		HideSolutionNode = FALSE
	EndGlobalSection
	GlobalSection(ExtensibilityGlobals) = postSolution
		SolutionGuid = {3836D7E9-6173-4B30-948F-B8818DD56DCD}
	EndGlobalSection
EndGlobal
